
Microsoft Visual Studio Solution File, Format Version 11.00
# Visual C++ Express 2010
Project("{8BC9CEB8-8B4A-11D0-8D11-00A0C91BC942}") = "Maze", "Maze.vcxproj", "{2BF8EF6F-9F35-4049-B988-80979415AA5B}"
EndProject
Global
	GlobalSection(SolutionConfigurationPlatforms) = preSolution
		Debug|Win32 = Debug|Win32
		Release|Win32 = Release|Win32
	EndGlobalSection
	GlobalSection(ProjectConfigurationPlatforms) = postSolution
		{2BF8EF6F-9F35-4049-B988-80979415AA5B}.Debug|Win32.ActiveCfg = Debug|Win32
		{2BF8EF6F-9F35-4049-B988-80979415AA5B}.Debug|Win32.Build.0 = Debug|Win32
		{2BF8EF6F-9F35-4049-B988-80979415AA5B}.Release|Win32.ActiveCfg = Release|Win32
		{2BF8EF6F-9F35-4049-B988-80979415AA5B}.Release|Win32.Build.0 = Release|Win32
	EndGlobalSection
	GlobalSection(SolutionProperties) = preSolution
		HideSolutionNode = FALSE
	EndGlobalSection
EndGlobal
