
Microsoft Visual Studio Solution File, Format Version 11.00
# Visual C++ Express 2010
Project("{8BC9CEB8-8B4A-11D0-8D11-00A0C91BC942}") = "WordHit", "WordHit.vcxproj", "{27803F76-B03E-4DBA-A3F0-B2ADD5AB7F05}"
EndProject
Global
	GlobalSection(SolutionConfigurationPlatforms) = preSolution
		Debug|Win32 = Debug|Win32
		Release|Win32 = Release|Win32
	EndGlobalSection
	GlobalSection(ProjectConfigurationPlatforms) = postSolution
		{27803F76-B03E-4DBA-A3F0-B2ADD5AB7F05}.Debug|Win32.ActiveCfg = Debug|Win32
		{27803F76-B03E-4DBA-A3F0-B2ADD5AB7F05}.Debug|Win32.Build.0 = Debug|Win32
		{27803F76-B03E-4DBA-A3F0-B2ADD5AB7F05}.Release|Win32.ActiveCfg = Release|Win32
		{27803F76-B03E-4DBA-A3F0-B2ADD5AB7F05}.Release|Win32.Build.0 = Release|Win32
	EndGlobalSection
	GlobalSection(SolutionProperties) = preSolution
		HideSolutionNode = FALSE
	EndGlobalSection
EndGlobal
